<?xml version="1.0" encoding="utf-8"?>
<Project ToolsVersion="4.0" xmlns="http://schemas.microsoft.com/developer/msbuild/2003">
  <ItemGroup>
    <Filter Include="Source Files">
      <UniqueIdentifier>{4FC737F1-C7A5-4376-A066-2A32D752A2FF}</UniqueIdentifier>
      <Extensions>cpp;c;cc;cxx;def;odl;idl;hpj;bat;asm;asmx</Extensions>
    </Filter>
    <Filter Include="Header Files">
      <UniqueIdentifier>{93995380-89BD-4b04-88EB-625FBE52EBFB}</UniqueIdentifier>
      <Extensions>h;hpp;hxx;hm;inl;inc;xsd</Extensions>
    </Filter>
    <Filter Include="Resource Files">
      <UniqueIdentifier>{67DA6AB6-F800-4c08-8B7A-83BB121AAD01}</UniqueIdentifier>
      <Extensions>rc;ico;cur;bmp;dlg;rc2;rct;bin;rgs;gif;jpg;jpeg;jpe;resx;tiff;tif;png;wav;mfcribbon-ms</Extensions>
    </Filter>
    <Filter Include="Application">
      <UniqueIdentifier>{e29b7298-14a5-4d18-ab3f-c91ddf0c1a0f}</UniqueIdentifier>
    </Filter>
    <Filter Include="Card">
      <UniqueIdentifier>{91cda440-6245-4b4f-8dc8-2c63dc5ce1c3}</UniqueIdentifier>
    </Filter>
    <Filter Include="Server">
      <UniqueIdentifier>{94d0068e-1f54-4a95-a0a3-04a80d51ffe0}</UniqueIdentifier>
    </Filter>
    <Filter Include="Terminal">
      <UniqueIdentifier>{8677e31e-ebe2-4c16-b31d-86569bc9358f}</UniqueIdentifier>
    </Filter>
    <Filter Include="Utilities">
      <UniqueIdentifier>{6a9e7044-17c0-4e74-8daa-21b3b01a31dd}</UniqueIdentifier>
    </Filter>
  </ItemGroup>
  <ItemGroup>
    <ClCompile Include="Application\app.c">
      <Filter>Application</Filter>
    </ClCompile>
    <ClCompile Include="Card\card.c">
      <Filter>Card</Filter>
    </ClCompile>
    <ClCompile Include="Server\server.c">
      <Filter>Server</Filter>
    </ClCompile>
    <ClCompile Include="Terminal\terminal.c">
      <Filter>Terminal</Filter>
    </ClCompile>
    <ClCompile Include="main.c">
      <Filter>Source Files</Filter>
    </ClCompile>
  </ItemGroup>
  <ItemGroup>
    <ClInclude Include="STD_TYPES.h">
      <Filter>Header Files</Filter>
    </ClInclude>
    <ClInclude Include="Application\app.h">
      <Filter>Application</Filter>
    </ClInclude>
    <ClInclude Include="Card\card.h">
      <Filter>Card</Filter>
    </ClInclude>
    <ClInclude Include="Server\server.h">
      <Filter>Server</Filter>
    </ClInclude>
    <ClInclude Include="Terminal\terminal.h">
      <Filter>Terminal</Filter>
    </ClInclude>
    <ClInclude Include="Utilities\STD_TYPES.h">
      <Filter>Utilities</Filter>
    </ClInclude>
  </ItemGroup>
</Project>